
Microsoft Visual Studio Solution File, Format Version 12.00
# Visual Studio Version 17
VisualStudioVersion = 17.14.36212.18 d17.14
MinimumVisualStudioVersion = 10.0.40219.1
Project("{FAE04EC0-301F-11D3-BF4B-00C04F79EFBC}") = "DiaryApp", "DiaryEntry\DiaryApp.csproj", "{42B36507-B95F-4462-A8F6-39A6DFD8764E}"
EndProject
Global
	GlobalSection(SolutionConfigurationPlatforms) = preSolution
		Debug|Any CPU = Debug|Any CPU
		Release|Any CPU = Release|Any CPU
	EndGlobalSection
	GlobalSection(ProjectConfigurationPlatforms) = postSolution
		{42B36507-B95F-4462-A8F6-39A6DFD8764E}.Debug|Any CPU.ActiveCfg = Debug|Any CPU
		{42B36507-B95F-4462-A8F6-39A6DFD8764E}.Debug|Any CPU.Build.0 = Debug|Any CPU
		{42B36507-B95F-4462-A8F6-39A6DFD8764E}.Release|Any CPU.ActiveCfg = Release|Any CPU
		{42B36507-B95F-4462-A8F6-39A6DFD8764E}.Release|Any CPU.Build.0 = Release|Any CPU
	EndGlobalSection
	GlobalSection(SolutionProperties) = preSolution
		HideSolutionNode = FALSE
	EndGlobalSection
	GlobalSection(ExtensibilityGlobals) = postSolution
		SolutionGuid = {1FBF3471-C7ED-4CDE-9228-D276A4819FF0}
	EndGlobalSection
EndGlobal
